
Microsoft Visual Studio Solution File, Format Version 12.00
Project("{FAE04EC0-301F-11D3-BF4B-00C04F79EFBC}") = "QueryCat.Cli", "src\QueryCat.Cli\QueryCat.Cli.csproj", "{D00EA705-8029-44A5-AF11-4BE4BF832B6D}"
EndProject
Project("{FAE04EC0-301F-11D3-BF4B-00C04F79EFBC}") = "QueryCat.UnitTests", "src\QueryCat.UnitTests\QueryCat.UnitTests.csproj", "{B56F2192-6BF7-444C-BB89-7B004AD95BE3}"
EndProject
Project("{FAE04EC0-301F-11D3-BF4B-00C04F79EFBC}") = "QueryCat.Benchmarks", "src\QueryCat.Benchmarks\QueryCat.Benchmarks.csproj", "{3368063D-C0BF-49CB-932E-CFA2AA4B2F4D}"
EndProject
Project("{FAE04EC0-301F-11D3-BF4B-00C04F79EFBC}") = "QueryCat.Backend", "src\QueryCat.Backend\QueryCat.Backend.csproj", "{A37B1E67-A350-4BFB-B9AC-BAFE034DCCA0}"
EndProject
Project("{2150E333-8FDC-42A3-9474-1A3956D46DE8}") = "Tests", "Tests", "{7A650DCD-768D-4219-B945-810A610089C5}"
EndProject
Project("{2150E333-8FDC-42A3-9474-1A3956D46DE8}") = "Backend", "Backend", "{AF9802E7-50BA-4257-8703-F58F29BCCDBA}"
EndProject
Project("{2150E333-8FDC-42A3-9474-1A3956D46DE8}") = "Client", "Client", "{64761C41-2D51-4A0B-B8F3-3D48DC5A878C}"
EndProject
Project("{2150E333-8FDC-42A3-9474-1A3956D46DE8}") = "Build", "Build", "{EAED1896-3858-4752-89B4-8769995CE246}"
EndProject
Project("{FAE04EC0-301F-11D3-BF4B-00C04F79EFBC}") = "QueryCat.Build", "src\QueryCat.Build\QueryCat.Build.csproj", "{AC2ACE47-78CF-4DD9-980D-365A7AD01155}"
EndProject
Project("{FAE04EC0-301F-11D3-BF4B-00C04F79EFBC}") = "TimeIt", "src\TimeIt\TimeIt.csproj", "{46A69755-9F59-4F0D-BF98-DC30B2F5B957}"
EndProject
Project("{FAE04EC0-301F-11D3-BF4B-00C04F79EFBC}") = "QueryCat.IntegrationTests", "src\QueryCat.IntegrationTests\QueryCat.IntegrationTests.csproj", "{FA58EC0D-8A8F-43A5-8F5A-A3F09147B841}"
EndProject
Project("{FAE04EC0-301F-11D3-BF4B-00C04F79EFBC}") = "QueryCat.Tests.QueryRunner", "src\QueryCat.Tests.QueryRunner\QueryCat.Tests.QueryRunner.csproj", "{EDB1F59A-C8D8-433F-8541-0168D4A118C8}"
EndProject
Project("{2150E333-8FDC-42A3-9474-1A3956D46DE8}") = "Plugin", "Plugin", "{3A91C0A2-3489-4CC5-981B-9337510B3898}"
EndProject
Project("{FAE04EC0-301F-11D3-BF4B-00C04F79EFBC}") = "QueryCat.Plugins.Sdk", "sdk\dotnet-sdk\QueryCat.Plugins.Sdk.csproj", "{F9F52BBF-8435-4D70-B691-A6FEFB38E21B}"
EndProject
Project("{FAE04EC0-301F-11D3-BF4B-00C04F79EFBC}") = "QueryCat.Backend.ThriftPlugins", "src\QueryCat.Backend.ThriftPlugins\QueryCat.Backend.ThriftPlugins.csproj", "{AD098131-E4CB-44CB-93BF-284D350F1807}"
EndProject
Project("{FAE04EC0-301F-11D3-BF4B-00C04F79EFBC}") = "QueryCat.Backend.AssemblyPlugins", "src\QueryCat.Backend.AssemblyPlugins\QueryCat.Backend.AssemblyPlugins.csproj", "{13F41570-44A1-4FA8-8FB0-40F945DC534E}"
EndProject
Project("{FAE04EC0-301F-11D3-BF4B-00C04F79EFBC}") = "QueryCat.Plugins.Client", "sdk\dotnet-client\QueryCat.Plugins.Client.csproj", "{6FEC731B-218C-45EB-8F47-C409C5E2CA3D}"
EndProject
Project("{FAE04EC0-301F-11D3-BF4B-00C04F79EFBC}") = "QueryCat.Plugin.Test", "src\QueryCat.Plugin.Test\QueryCat.Plugin.Test.csproj", "{60EABF81-EACC-452C-8164-A6569391CBAA}"
EndProject
Project("{FAE04EC0-301F-11D3-BF4B-00C04F79EFBC}") = "QueryCat.Backend.Formatters", "src\QueryCat.Backend.Formatters\QueryCat.Backend.Formatters.csproj", "{373EAE2B-B887-45C1-B5FA-6DE3E2D40A72}"
EndProject
Project("{FAE04EC0-301F-11D3-BF4B-00C04F79EFBC}") = "QueryCat.Backend.Core", "src\QueryCat.Backend.Core\QueryCat.Backend.Core.csproj", "{D9BEA5FA-A7C9-4D49-AD64-7B5179DDD9C0}"
EndProject
Project("{FAE04EC0-301F-11D3-BF4B-00C04F79EFBC}") = "QueryCat.Samples", "src\QueryCat.Samples\QueryCat.Samples.csproj", "{65B636F0-DE1F-49F0-83E7-A1732A15C4D7}"
EndProject
Project("{2150E333-8FDC-42A3-9474-1A3956D46DE8}") = "Samples", "Samples", "{D8E923C0-FB16-44AF-BB6E-A1A27AC10289}"
EndProject
Project("{FAE04EC0-301F-11D3-BF4B-00C04F79EFBC}") = "QueryCat.Backend.Utils", "src\QueryCat.Backend.Utils\QueryCat.Backend.Utils.csproj", "{D6747E58-6F54-4027-B52C-DA18BBE6FBCB}"
EndProject
Global
	GlobalSection(SolutionConfigurationPlatforms) = preSolution
		Debug|Any CPU = Debug|Any CPU
		Release|Any CPU = Release|Any CPU
	EndGlobalSection
	GlobalSection(ProjectConfigurationPlatforms) = postSolution
		{D00EA705-8029-44A5-AF11-4BE4BF832B6D}.Debug|Any CPU.ActiveCfg = Debug|Any CPU
		{D00EA705-8029-44A5-AF11-4BE4BF832B6D}.Debug|Any CPU.Build.0 = Debug|Any CPU
		{D00EA705-8029-44A5-AF11-4BE4BF832B6D}.Release|Any CPU.ActiveCfg = Release|Any CPU
		{D00EA705-8029-44A5-AF11-4BE4BF832B6D}.Release|Any CPU.Build.0 = Release|Any CPU
		{B56F2192-6BF7-444C-BB89-7B004AD95BE3}.Debug|Any CPU.ActiveCfg = Debug|Any CPU
		{B56F2192-6BF7-444C-BB89-7B004AD95BE3}.Debug|Any CPU.Build.0 = Debug|Any CPU
		{B56F2192-6BF7-444C-BB89-7B004AD95BE3}.Release|Any CPU.ActiveCfg = Release|Any CPU
		{B56F2192-6BF7-444C-BB89-7B004AD95BE3}.Release|Any CPU.Build.0 = Release|Any CPU
		{3368063D-C0BF-49CB-932E-CFA2AA4B2F4D}.Debug|Any CPU.ActiveCfg = Debug|Any CPU
		{3368063D-C0BF-49CB-932E-CFA2AA4B2F4D}.Debug|Any CPU.Build.0 = Debug|Any CPU
		{3368063D-C0BF-49CB-932E-CFA2AA4B2F4D}.Release|Any CPU.ActiveCfg = Release|Any CPU
		{3368063D-C0BF-49CB-932E-CFA2AA4B2F4D}.Release|Any CPU.Build.0 = Release|Any CPU
		{A37B1E67-A350-4BFB-B9AC-BAFE034DCCA0}.Debug|Any CPU.ActiveCfg = Debug|Any CPU
		{A37B1E67-A350-4BFB-B9AC-BAFE034DCCA0}.Debug|Any CPU.Build.0 = Debug|Any CPU
		{A37B1E67-A350-4BFB-B9AC-BAFE034DCCA0}.Release|Any CPU.ActiveCfg = Release|Any CPU
		{A37B1E67-A350-4BFB-B9AC-BAFE034DCCA0}.Release|Any CPU.Build.0 = Release|Any CPU
		{AC2ACE47-78CF-4DD9-980D-365A7AD01155}.Debug|Any CPU.ActiveCfg = Debug|Any CPU
		{AC2ACE47-78CF-4DD9-980D-365A7AD01155}.Debug|Any CPU.Build.0 = Debug|Any CPU
		{AC2ACE47-78CF-4DD9-980D-365A7AD01155}.Release|Any CPU.ActiveCfg = Release|Any CPU
		{AC2ACE47-78CF-4DD9-980D-365A7AD01155}.Release|Any CPU.Build.0 = Release|Any CPU
		{46A69755-9F59-4F0D-BF98-DC30B2F5B957}.Debug|Any CPU.ActiveCfg = Debug|Any CPU
		{46A69755-9F59-4F0D-BF98-DC30B2F5B957}.Debug|Any CPU.Build.0 = Debug|Any CPU
		{46A69755-9F59-4F0D-BF98-DC30B2F5B957}.Release|Any CPU.ActiveCfg = Release|Any CPU
		{46A69755-9F59-4F0D-BF98-DC30B2F5B957}.Release|Any CPU.Build.0 = Release|Any CPU
		{FA58EC0D-8A8F-43A5-8F5A-A3F09147B841}.Debug|Any CPU.ActiveCfg = Debug|Any CPU
		{FA58EC0D-8A8F-43A5-8F5A-A3F09147B841}.Debug|Any CPU.Build.0 = Debug|Any CPU
		{FA58EC0D-8A8F-43A5-8F5A-A3F09147B841}.Release|Any CPU.ActiveCfg = Release|Any CPU
		{FA58EC0D-8A8F-43A5-8F5A-A3F09147B841}.Release|Any CPU.Build.0 = Release|Any CPU
		{EDB1F59A-C8D8-433F-8541-0168D4A118C8}.Debug|Any CPU.ActiveCfg = Debug|Any CPU
		{EDB1F59A-C8D8-433F-8541-0168D4A118C8}.Debug|Any CPU.Build.0 = Debug|Any CPU
		{EDB1F59A-C8D8-433F-8541-0168D4A118C8}.Release|Any CPU.ActiveCfg = Release|Any CPU
		{EDB1F59A-C8D8-433F-8541-0168D4A118C8}.Release|Any CPU.Build.0 = Release|Any CPU
		{F9F52BBF-8435-4D70-B691-A6FEFB38E21B}.Debug|Any CPU.ActiveCfg = Debug|Any CPU
		{F9F52BBF-8435-4D70-B691-A6FEFB38E21B}.Debug|Any CPU.Build.0 = Debug|Any CPU
		{F9F52BBF-8435-4D70-B691-A6FEFB38E21B}.Release|Any CPU.ActiveCfg = Release|Any CPU
		{F9F52BBF-8435-4D70-B691-A6FEFB38E21B}.Release|Any CPU.Build.0 = Release|Any CPU
		{AD098131-E4CB-44CB-93BF-284D350F1807}.Debug|Any CPU.ActiveCfg = Debug|Any CPU
		{AD098131-E4CB-44CB-93BF-284D350F1807}.Debug|Any CPU.Build.0 = Debug|Any CPU
		{AD098131-E4CB-44CB-93BF-284D350F1807}.Release|Any CPU.ActiveCfg = Release|Any CPU
		{AD098131-E4CB-44CB-93BF-284D350F1807}.Release|Any CPU.Build.0 = Release|Any CPU
		{13F41570-44A1-4FA8-8FB0-40F945DC534E}.Debug|Any CPU.ActiveCfg = Debug|Any CPU
		{13F41570-44A1-4FA8-8FB0-40F945DC534E}.Debug|Any CPU.Build.0 = Debug|Any CPU
		{13F41570-44A1-4FA8-8FB0-40F945DC534E}.Release|Any CPU.ActiveCfg = Release|Any CPU
		{13F41570-44A1-4FA8-8FB0-40F945DC534E}.Release|Any CPU.Build.0 = Release|Any CPU
		{6FEC731B-218C-45EB-8F47-C409C5E2CA3D}.Debug|Any CPU.ActiveCfg = Debug|Any CPU
		{6FEC731B-218C-45EB-8F47-C409C5E2CA3D}.Debug|Any CPU.Build.0 = Debug|Any CPU
		{6FEC731B-218C-45EB-8F47-C409C5E2CA3D}.Release|Any CPU.ActiveCfg = Release|Any CPU
		{6FEC731B-218C-45EB-8F47-C409C5E2CA3D}.Release|Any CPU.Build.0 = Release|Any CPU
		{60EABF81-EACC-452C-8164-A6569391CBAA}.Debug|Any CPU.ActiveCfg = Debug|Any CPU
		{60EABF81-EACC-452C-8164-A6569391CBAA}.Debug|Any CPU.Build.0 = Debug|Any CPU
		{60EABF81-EACC-452C-8164-A6569391CBAA}.Release|Any CPU.ActiveCfg = Release|Any CPU
		{60EABF81-EACC-452C-8164-A6569391CBAA}.Release|Any CPU.Build.0 = Release|Any CPU
		{373EAE2B-B887-45C1-B5FA-6DE3E2D40A72}.Debug|Any CPU.ActiveCfg = Debug|Any CPU
		{373EAE2B-B887-45C1-B5FA-6DE3E2D40A72}.Debug|Any CPU.Build.0 = Debug|Any CPU
		{373EAE2B-B887-45C1-B5FA-6DE3E2D40A72}.Release|Any CPU.ActiveCfg = Release|Any CPU
		{373EAE2B-B887-45C1-B5FA-6DE3E2D40A72}.Release|Any CPU.Build.0 = Release|Any CPU
		{D9BEA5FA-A7C9-4D49-AD64-7B5179DDD9C0}.Debug|Any CPU.ActiveCfg = Debug|Any CPU
		{D9BEA5FA-A7C9-4D49-AD64-7B5179DDD9C0}.Debug|Any CPU.Build.0 = Debug|Any CPU
		{D9BEA5FA-A7C9-4D49-AD64-7B5179DDD9C0}.Release|Any CPU.ActiveCfg = Release|Any CPU
		{D9BEA5FA-A7C9-4D49-AD64-7B5179DDD9C0}.Release|Any CPU.Build.0 = Release|Any CPU
		{65B636F0-DE1F-49F0-83E7-A1732A15C4D7}.Debug|Any CPU.ActiveCfg = Debug|Any CPU
		{65B636F0-DE1F-49F0-83E7-A1732A15C4D7}.Debug|Any CPU.Build.0 = Debug|Any CPU
		{65B636F0-DE1F-49F0-83E7-A1732A15C4D7}.Release|Any CPU.ActiveCfg = Release|Any CPU
		{65B636F0-DE1F-49F0-83E7-A1732A15C4D7}.Release|Any CPU.Build.0 = Release|Any CPU
		{D6747E58-6F54-4027-B52C-DA18BBE6FBCB}.Debug|Any CPU.ActiveCfg = Debug|Any CPU
		{D6747E58-6F54-4027-B52C-DA18BBE6FBCB}.Debug|Any CPU.Build.0 = Debug|Any CPU
		{D6747E58-6F54-4027-B52C-DA18BBE6FBCB}.Release|Any CPU.ActiveCfg = Release|Any CPU
		{D6747E58-6F54-4027-B52C-DA18BBE6FBCB}.Release|Any CPU.Build.0 = Release|Any CPU
	EndGlobalSection
	GlobalSection(NestedProjects) = preSolution
		{B56F2192-6BF7-444C-BB89-7B004AD95BE3} = {7A650DCD-768D-4219-B945-810A610089C5}
		{3368063D-C0BF-49CB-932E-CFA2AA4B2F4D} = {7A650DCD-768D-4219-B945-810A610089C5}
		{D00EA705-8029-44A5-AF11-4BE4BF832B6D} = {64761C41-2D51-4A0B-B8F3-3D48DC5A878C}
		{A37B1E67-A350-4BFB-B9AC-BAFE034DCCA0} = {AF9802E7-50BA-4257-8703-F58F29BCCDBA}
		{AC2ACE47-78CF-4DD9-980D-365A7AD01155} = {EAED1896-3858-4752-89B4-8769995CE246}
		{46A69755-9F59-4F0D-BF98-DC30B2F5B957} = {7A650DCD-768D-4219-B945-810A610089C5}
		{FA58EC0D-8A8F-43A5-8F5A-A3F09147B841} = {7A650DCD-768D-4219-B945-810A610089C5}
		{EDB1F59A-C8D8-433F-8541-0168D4A118C8} = {7A650DCD-768D-4219-B945-810A610089C5}
		{F9F52BBF-8435-4D70-B691-A6FEFB38E21B} = {3A91C0A2-3489-4CC5-981B-9337510B3898}
		{AD098131-E4CB-44CB-93BF-284D350F1807} = {AF9802E7-50BA-4257-8703-F58F29BCCDBA}
		{13F41570-44A1-4FA8-8FB0-40F945DC534E} = {AF9802E7-50BA-4257-8703-F58F29BCCDBA}
		{6FEC731B-218C-45EB-8F47-C409C5E2CA3D} = {3A91C0A2-3489-4CC5-981B-9337510B3898}
		{60EABF81-EACC-452C-8164-A6569391CBAA} = {7A650DCD-768D-4219-B945-810A610089C5}
		{373EAE2B-B887-45C1-B5FA-6DE3E2D40A72} = {AF9802E7-50BA-4257-8703-F58F29BCCDBA}
		{D9BEA5FA-A7C9-4D49-AD64-7B5179DDD9C0} = {AF9802E7-50BA-4257-8703-F58F29BCCDBA}
		{65B636F0-DE1F-49F0-83E7-A1732A15C4D7} = {D8E923C0-FB16-44AF-BB6E-A1A27AC10289}
		{D6747E58-6F54-4027-B52C-DA18BBE6FBCB} = {AF9802E7-50BA-4257-8703-F58F29BCCDBA}
	EndGlobalSection
EndGlobal
