
Microsoft Visual Studio Solution File, Format Version 12.00
Project("{FAE04EC0-301F-11D3-BF4B-00C04F79EFBC}") = "QueryCat.Cli", "QueryCat.Cli\QueryCat.Cli.csproj", "{D00EA705-8029-44A5-AF11-4BE4BF832B6D}"
EndProject
Project("{FAE04EC0-301F-11D3-BF4B-00C04F79EFBC}") = "QueryCat.UnitTests", "QueryCat.UnitTests\QueryCat.UnitTests.csproj", "{B56F2192-6BF7-444C-BB89-7B004AD95BE3}"
EndProject
Project("{FAE04EC0-301F-11D3-BF4B-00C04F79EFBC}") = "QueryCat.Benchmarks", "QueryCat.Benchmarks\QueryCat.Benchmarks.csproj", "{3368063D-C0BF-49CB-932E-CFA2AA4B2F4D}"
EndProject
Project("{FAE04EC0-301F-11D3-BF4B-00C04F79EFBC}") = "QueryCat.Backend", "QueryCat.Backend\QueryCat.Backend.csproj", "{A37B1E67-A350-4BFB-B9AC-BAFE034DCCA0}"
EndProject
Project("{2150E333-8FDC-42A3-9474-1A3956D46DE8}") = "Tests", "Tests", "{7A650DCD-768D-4219-B945-810A610089C5}"
EndProject
Project("{2150E333-8FDC-42A3-9474-1A3956D46DE8}") = "Backend", "Backend", "{AF9802E7-50BA-4257-8703-F58F29BCCDBA}"
EndProject
Project("{2150E333-8FDC-42A3-9474-1A3956D46DE8}") = "Client", "Client", "{64761C41-2D51-4A0B-B8F3-3D48DC5A878C}"
EndProject
Project("{2150E333-8FDC-42A3-9474-1A3956D46DE8}") = "Build", "Build", "{EAED1896-3858-4752-89B4-8769995CE246}"
EndProject
Project("{FAE04EC0-301F-11D3-BF4B-00C04F79EFBC}") = "QueryCat.Build", "QueryCat.Build\QueryCat.Build.csproj", "{AC2ACE47-78CF-4DD9-980D-365A7AD01155}"
EndProject
Project("{FAE04EC0-301F-11D3-BF4B-00C04F79EFBC}") = "TimeIt", "TimeIt\TimeIt.csproj", "{46A69755-9F59-4F0D-BF98-DC30B2F5B957}"
EndProject
Project("{FAE04EC0-301F-11D3-BF4B-00C04F79EFBC}") = "QueryCat.IntegrationTests", "QueryCat.IntegrationTests\QueryCat.IntegrationTests.csproj", "{FA58EC0D-8A8F-43A5-8F5A-A3F09147B841}"
EndProject
Global
	GlobalSection(SolutionConfigurationPlatforms) = preSolution
		Debug|Any CPU = Debug|Any CPU
		Release|Any CPU = Release|Any CPU
	EndGlobalSection
	GlobalSection(ProjectConfigurationPlatforms) = postSolution
		{D00EA705-8029-44A5-AF11-4BE4BF832B6D}.Debug|Any CPU.ActiveCfg = Debug|Any CPU
		{D00EA705-8029-44A5-AF11-4BE4BF832B6D}.Debug|Any CPU.Build.0 = Debug|Any CPU
		{D00EA705-8029-44A5-AF11-4BE4BF832B6D}.Release|Any CPU.ActiveCfg = Release|Any CPU
		{D00EA705-8029-44A5-AF11-4BE4BF832B6D}.Release|Any CPU.Build.0 = Release|Any CPU
		{B56F2192-6BF7-444C-BB89-7B004AD95BE3}.Debug|Any CPU.ActiveCfg = Debug|Any CPU
		{B56F2192-6BF7-444C-BB89-7B004AD95BE3}.Debug|Any CPU.Build.0 = Debug|Any CPU
		{B56F2192-6BF7-444C-BB89-7B004AD95BE3}.Release|Any CPU.ActiveCfg = Release|Any CPU
		{B56F2192-6BF7-444C-BB89-7B004AD95BE3}.Release|Any CPU.Build.0 = Release|Any CPU
		{3368063D-C0BF-49CB-932E-CFA2AA4B2F4D}.Debug|Any CPU.ActiveCfg = Debug|Any CPU
		{3368063D-C0BF-49CB-932E-CFA2AA4B2F4D}.Debug|Any CPU.Build.0 = Debug|Any CPU
		{3368063D-C0BF-49CB-932E-CFA2AA4B2F4D}.Release|Any CPU.ActiveCfg = Release|Any CPU
		{3368063D-C0BF-49CB-932E-CFA2AA4B2F4D}.Release|Any CPU.Build.0 = Release|Any CPU
		{A37B1E67-A350-4BFB-B9AC-BAFE034DCCA0}.Debug|Any CPU.ActiveCfg = Debug|Any CPU
		{A37B1E67-A350-4BFB-B9AC-BAFE034DCCA0}.Debug|Any CPU.Build.0 = Debug|Any CPU
		{A37B1E67-A350-4BFB-B9AC-BAFE034DCCA0}.Release|Any CPU.ActiveCfg = Release|Any CPU
		{A37B1E67-A350-4BFB-B9AC-BAFE034DCCA0}.Release|Any CPU.Build.0 = Release|Any CPU
		{AC2ACE47-78CF-4DD9-980D-365A7AD01155}.Debug|Any CPU.ActiveCfg = Debug|Any CPU
		{AC2ACE47-78CF-4DD9-980D-365A7AD01155}.Debug|Any CPU.Build.0 = Debug|Any CPU
		{AC2ACE47-78CF-4DD9-980D-365A7AD01155}.Release|Any CPU.ActiveCfg = Release|Any CPU
		{AC2ACE47-78CF-4DD9-980D-365A7AD01155}.Release|Any CPU.Build.0 = Release|Any CPU
		{46A69755-9F59-4F0D-BF98-DC30B2F5B957}.Debug|Any CPU.ActiveCfg = Debug|Any CPU
		{46A69755-9F59-4F0D-BF98-DC30B2F5B957}.Debug|Any CPU.Build.0 = Debug|Any CPU
		{46A69755-9F59-4F0D-BF98-DC30B2F5B957}.Release|Any CPU.ActiveCfg = Release|Any CPU
		{46A69755-9F59-4F0D-BF98-DC30B2F5B957}.Release|Any CPU.Build.0 = Release|Any CPU
		{FA58EC0D-8A8F-43A5-8F5A-A3F09147B841}.Debug|Any CPU.ActiveCfg = Debug|Any CPU
		{FA58EC0D-8A8F-43A5-8F5A-A3F09147B841}.Debug|Any CPU.Build.0 = Debug|Any CPU
		{FA58EC0D-8A8F-43A5-8F5A-A3F09147B841}.Release|Any CPU.ActiveCfg = Release|Any CPU
		{FA58EC0D-8A8F-43A5-8F5A-A3F09147B841}.Release|Any CPU.Build.0 = Release|Any CPU
	EndGlobalSection
	GlobalSection(NestedProjects) = preSolution
		{B56F2192-6BF7-444C-BB89-7B004AD95BE3} = {7A650DCD-768D-4219-B945-810A610089C5}
		{3368063D-C0BF-49CB-932E-CFA2AA4B2F4D} = {7A650DCD-768D-4219-B945-810A610089C5}
		{D00EA705-8029-44A5-AF11-4BE4BF832B6D} = {64761C41-2D51-4A0B-B8F3-3D48DC5A878C}
		{A37B1E67-A350-4BFB-B9AC-BAFE034DCCA0} = {AF9802E7-50BA-4257-8703-F58F29BCCDBA}
		{AC2ACE47-78CF-4DD9-980D-365A7AD01155} = {EAED1896-3858-4752-89B4-8769995CE246}
		{46A69755-9F59-4F0D-BF98-DC30B2F5B957} = {7A650DCD-768D-4219-B945-810A610089C5}
		{FA58EC0D-8A8F-43A5-8F5A-A3F09147B841} = {7A650DCD-768D-4219-B945-810A610089C5}
	EndGlobalSection
EndGlobal
